
Microsoft Visual Studio Solution File, Format Version 12.00
# Visual Studio 15
VisualStudioVersion = 15.0.27130.2024
MinimumVisualStudioVersion = 10.0.40219.1
Project("{FAE04EC0-301F-11D3-BF4B-00C04F79EFBC}") = "Primary Flight Display", "PrimaryFlightDisplay\Primary Flight Display.csproj", "{26F0DE93-09F3-401D-B418-897C696E861B}"
EndProject
Global
	GlobalSection(SolutionConfigurationPlatforms) = preSolution
		Debug|Any CPU = Debug|Any CPU
		Release|Any CPU = Release|Any CPU
	EndGlobalSection
	GlobalSection(ProjectConfigurationPlatforms) = postSolution
		{26F0DE93-09F3-401D-B418-897C696E861B}.Debug|Any CPU.ActiveCfg = Debug|Any CPU
		{26F0DE93-09F3-401D-B418-897C696E861B}.Debug|Any CPU.Build.0 = Debug|Any CPU
		{26F0DE93-09F3-401D-B418-897C696E861B}.Release|Any CPU.ActiveCfg = Release|Any CPU
		{26F0DE93-09F3-401D-B418-897C696E861B}.Release|Any CPU.Build.0 = Release|Any CPU
	EndGlobalSection
	GlobalSection(SolutionProperties) = preSolution
		HideSolutionNode = FALSE
	EndGlobalSection
	GlobalSection(ExtensibilityGlobals) = postSolution
		SolutionGuid = {F8E58210-5088-4DA5-B622-5D4D5F45FFC4}
	EndGlobalSection
EndGlobal
